{
  "version": 4,
  "terraform_version": "1.12.2",
  "serial": 19,
  "lineage": "a1161974-d93e-71d4-d2a4-62c35ee9fca6",
  "outputs": {},
  "resources": [
    {
      "mode": "managed",
      "type": "google_storage_bucket",
      "name": "todo_bucket",
      "provider": "provider[\"registry.terraform.io/hashicorp/google\"]",
      "instances": [
        {
          "schema_version": 2,
          "attributes": {
            "autoclass": [],
            "cors": [],
            "custom_placement_config": [],
            "default_event_based_hold": false,
            "effective_labels": {},
            "enable_object_retention": false,
            "encryption": [],
            "force_destroy": true,
            "id": "todo-bucket-dore-001",
            "labels": {},
            "lifecycle_rule": [],
            "location": "EUROPE-WEST1",
            "logging": [],
            "name": "todo-bucket-dore-001",
            "project": "formation-cloud-461205",
            "project_number": 1457309475,
            "public_access_prevention": "inherited",
            "requester_pays": false,
            "retention_policy": [],
            "rpo": null,
            "self_link": "https://www.googleapis.com/storage/v1/b/todo-bucket-dore-001",
            "soft_delete_policy": [
              {
                "effective_time": "2025-06-19T09:46:31.261Z",
                "retention_duration_seconds": 604800
              }
            ],
            "storage_class": "STANDARD",
            "terraform_labels": {},
            "timeouts": null,
            "uniform_bucket_level_access": true,
            "url": "gs://todo-bucket-dore-001",
            "versioning": [],
            "website": []
          },
          "sensitive_attributes": [],
          "identity_schema_version": 0,
          "private": "eyJlMmJmYjczMC1lY2FhLTExZTYtOGY4OC0zNDM2M2JjN2M0YzAiOnsiY3JlYXRlIjo2MDAwMDAwMDAwMDAsInJlYWQiOjI0MDAwMDAwMDAwMCwidXBkYXRlIjoyNDAwMDAwMDAwMDB9LCJzY2hlbWFfdmVyc2lvbiI6IjIifQ=="
        }
      ]
    },
    {
      "mode": "managed",
      "type": "google_storage_bucket_iam_member",
      "name": "public_read",
      "provider": "provider[\"registry.terraform.io/hashicorp/google\"]",
      "instances": [
        {
          "schema_version": 0,
          "attributes": {
            "bucket": "b/todo-bucket-dore-001",
            "condition": [],
            "etag": "CAM=",
            "id": "b/todo-bucket-dore-001/roles/storage.objectViewer/allUsers",
            "member": "allUsers",
            "role": "roles/storage.objectViewer"
          },
          "sensitive_attributes": [],
          "identity_schema_version": 0,
          "private": "bnVsbA==",
          "dependencies": [
            "google_storage_bucket.todo_bucket"
          ]
        }
      ]
    },
    {
      "mode": "managed",
      "type": "google_storage_bucket_object",
      "name": "fichiers",
      "provider": "provider[\"registry.terraform.io/hashicorp/google\"]",
      "instances": [
        {
          "index_key": "c2.jpg",
          "schema_version": 0,
          "attributes": {
            "bucket": "todo-bucket-dore-001",
            "cache_control": "",
            "content": null,
            "content_disposition": "",
            "content_encoding": "",
            "content_language": "",
            "content_type": "image/jpeg",
            "crc32c": "Gnda0w==",
            "customer_encryption": [],
            "detect_md5hash": "FU7uQWMonNHUTYmujTnztg==",
            "event_based_hold": false,
            "generation": 1941507513,
            "id": "todo-bucket-dore-001-c2.jpg",
            "kms_key_name": "",
            "md5hash": "FU7uQWMonNHUTYmujTnztg==",
            "media_link": "https://storage.googleapis.com/download/storage/v1/b/todo-bucket-dore-001/o/c2.jpg?generation=1750329963646393\u0026alt=media",
            "metadata": null,
            "name": "c2.jpg",
            "output_name": "c2.jpg",
            "retention": [],
            "self_link": "https://www.googleapis.com/storage/v1/b/todo-bucket-dore-001/o/c2.jpg",
            "source": "./files/c2.jpg",
            "storage_class": "STANDARD",
            "temporary_hold": false,
            "timeouts": null
          },
          "sensitive_attributes": [
            [
              {
                "type": "get_attr",
                "value": "content"
              }
            ]
          ],
          "identity_schema_version": 0,
          "private": "eyJlMmJmYjczMC1lY2FhLTExZTYtOGY4OC0zNDM2M2JjN2M0YzAiOnsiY3JlYXRlIjoyNDAwMDAwMDAwMDAsImRlbGV0ZSI6MjQwMDAwMDAwMDAwLCJ1cGRhdGUiOjI0MDAwMDAwMDAwMH19",
          "dependencies": [
            "google_storage_bucket.todo_bucket"
          ]
        },
        {
          "index_key": "data.pdf",
          "schema_version": 0,
          "attributes": {
            "bucket": "todo-bucket-dore-001",
            "cache_control": "",
            "content": null,
            "content_disposition": "",
            "content_encoding": "",
            "content_language": "",
            "content_type": "application/pdf",
            "crc32c": "/FicfQ==",
            "customer_encryption": [],
            "detect_md5hash": "1hnQ5/Od8zBoHt+5PNoRLg==",
            "event_based_hold": false,
            "generation": 1941544867,
            "id": "todo-bucket-dore-001-data.pdf",
            "kms_key_name": "",
            "md5hash": "1hnQ5/Od8zBoHt+5PNoRLg==",
            "media_link": "https://storage.googleapis.com/download/storage/v1/b/todo-bucket-dore-001/o/data.pdf?generation=1750329963683747\u0026alt=media",
            "metadata": null,
            "name": "data.pdf",
            "output_name": "data.pdf",
            "retention": [],
            "self_link": "https://www.googleapis.com/storage/v1/b/todo-bucket-dore-001/o/data.pdf",
            "source": "./files/data.pdf",
            "storage_class": "STANDARD",
            "temporary_hold": false,
            "timeouts": null
          },
          "sensitive_attributes": [
            [
              {
                "type": "get_attr",
                "value": "content"
              }
            ]
          ],
          "identity_schema_version": 0,
          "private": "eyJlMmJmYjczMC1lY2FhLTExZTYtOGY4OC0zNDM2M2JjN2M0YzAiOnsiY3JlYXRlIjoyNDAwMDAwMDAwMDAsImRlbGV0ZSI6MjQwMDAwMDAwMDAwLCJ1cGRhdGUiOjI0MDAwMDAwMDAwMH19",
          "dependencies": [
            "google_storage_bucket.todo_bucket"
          ]
        }
      ]
    }
  ],
  "check_results": null
}
